// !$*UTF8*$!
{
	archiveVersion = 1;
	classes = {
	};
	objectVersion = 56;
	objects = {

/* Begin PBXBuildFile section */
		150ACC722C1B15BB006A3236 /* CityView.swift in Sources */ = {isa = PBXBuildFile; fileRef = 150ACC712C1B15BB006A3236 /* CityView.swift */; };
		150ACC742C1B1841006A3236 /* DailyView.swift in Sources */ = {isa = PBXBuildFile; fileRef = 150ACC732C1B1841006A3236 /* DailyView.swift */; };
		150ACC762C1B1855006A3236 /* HourlyView.swift in Sources */ = {isa = PBXBuildFile; fileRef = 150ACC752C1B1855006A3236 /* HourlyView.swift */; };
		150ACC782C1B2CC1006A3236 /* CityData.swift in Sources */ = {isa = PBXBuildFile; fileRef = 150ACC772C1B2CC1006A3236 /* CityData.swift */; };
		153DEA7A2C184EC2002C1735 /* weatherApp.swift in Sources */ = {isa = PBXBuildFile; fileRef = 153DEA792C184EC2002C1735 /* weatherApp.swift */; };
		153DEA7C2C184EC2002C1735 /* ContentView.swift in Sources */ = {isa = PBXBuildFile; fileRef = 153DEA7B2C184EC2002C1735 /* ContentView.swift */; };
		153DEA7E2C184EC4002C1735 /* Assets.xcassets in Resources */ = {isa = PBXBuildFile; fileRef = 153DEA7D2C184EC4002C1735 /* Assets.xcassets */; };
		153DEA822C184EC4002C1735 /* Preview Assets.xcassets in Resources */ = {isa = PBXBuildFile; fileRef = 153DEA812C184EC4002C1735 /* Preview Assets.xcassets */; };
		153DEA8C2C184EC5002C1735 /* weatherTests.swift in Sources */ = {isa = PBXBuildFile; fileRef = 153DEA8B2C184EC5002C1735 /* weatherTests.swift */; };
		153DEA962C184EC5002C1735 /* weatherUITests.swift in Sources */ = {isa = PBXBuildFile; fileRef = 153DEA952C184EC5002C1735 /* weatherUITests.swift */; };
		153DEA982C184EC5002C1735 /* weatherUITestsLaunchTests.swift in Sources */ = {isa = PBXBuildFile; fileRef = 153DEA972C184EC5002C1735 /* weatherUITestsLaunchTests.swift */; };
		15F39DE72C1870A7006DAB4D /* CurrentView.swift in Sources */ = {isa = PBXBuildFile; fileRef = 15F39DE62C1870A7006DAB4D /* CurrentView.swift */; };
		15F39DEA2C188ADE006DAB4D /* WeatherService.swift in Sources */ = {isa = PBXBuildFile; fileRef = 15F39DE92C188ADE006DAB4D /* WeatherService.swift */; };
		15F39DEC2C188B06006DAB4D /* WeatherData.swift in Sources */ = {isa = PBXBuildFile; fileRef = 15F39DEB2C188B06006DAB4D /* WeatherData.swift */; };
/* End PBXBuildFile section */

/* Begin PBXContainerItemProxy section */
		153DEA882C184EC5002C1735 /* PBXContainerItemProxy */ = {
			isa = PBXContainerItemProxy;
			containerPortal = 153DEA6E2C184EC2002C1735 /* Project object */;
			proxyType = 1;
			remoteGlobalIDString = 153DEA752C184EC2002C1735;
			remoteInfo = weather;
		};
		153DEA922C184EC5002C1735 /* PBXContainerItemProxy */ = {
			isa = PBXContainerItemProxy;
			containerPortal = 153DEA6E2C184EC2002C1735 /* Project object */;
			proxyType = 1;
			remoteGlobalIDString = 153DEA752C184EC2002C1735;
			remoteInfo = weather;
		};
/* End PBXContainerItemProxy section */

/* Begin PBXFileReference section */
		150ACC712C1B15BB006A3236 /* CityView.swift */ = {isa = PBXFileReference; lastKnownFileType = sourcecode.swift; path = CityView.swift; sourceTree = "<group>"; };
		150ACC732C1B1841006A3236 /* DailyView.swift */ = {isa = PBXFileReference; lastKnownFileType = sourcecode.swift; path = DailyView.swift; sourceTree = "<group>"; };
		150ACC752C1B1855006A3236 /* HourlyView.swift */ = {isa = PBXFileReference; lastKnownFileType = sourcecode.swift; path = HourlyView.swift; sourceTree = "<group>"; };
		150ACC772C1B2CC1006A3236 /* CityData.swift */ = {isa = PBXFileReference; lastKnownFileType = sourcecode.swift; path = CityData.swift; sourceTree = "<group>"; };
		153DEA762C184EC2002C1735 /* weather.app */ = {isa = PBXFileReference; explicitFileType = wrapper.application; includeInIndex = 0; path = weather.app; sourceTree = BUILT_PRODUCTS_DIR; };
		153DEA792C184EC2002C1735 /* weatherApp.swift */ = {isa = PBXFileReference; lastKnownFileType = sourcecode.swift; path = weatherApp.swift; sourceTree = "<group>"; };
		153DEA7B2C184EC2002C1735 /* ContentView.swift */ = {isa = PBXFileReference; lastKnownFileType = sourcecode.swift; path = ContentView.swift; sourceTree = "<group>"; };
		153DEA7D2C184EC4002C1735 /* Assets.xcassets */ = {isa = PBXFileReference; lastKnownFileType = folder.assetcatalog; path = Assets.xcassets; sourceTree = "<group>"; };
		153DEA7F2C184EC4002C1735 /* weather.entitlements */ = {isa = PBXFileReference; lastKnownFileType = text.plist.entitlements; path = weather.entitlements; sourceTree = "<group>"; };
		153DEA812C184EC4002C1735 /* Preview Assets.xcassets */ = {isa = PBXFileReference; lastKnownFileType = folder.assetcatalog; path = "Preview Assets.xcassets"; sourceTree = "<group>"; };
		153DEA872C184EC5002C1735 /* weatherTests.xctest */ = {isa = PBXFileReference; explicitFileType = wrapper.cfbundle; includeInIndex = 0; path = weatherTests.xctest; sourceTree = BUILT_PRODUCTS_DIR; };
		153DEA8B2C184EC5002C1735 /* weatherTests.swift */ = {isa = PBXFileReference; lastKnownFileType = sourcecode.swift; path = weatherTests.swift; sourceTree = "<group>"; };
		153DEA912C184EC5002C1735 /* weatherUITests.xctest */ = {isa = PBXFileReference; explicitFileType = wrapper.cfbundle; includeInIndex = 0; path = weatherUITests.xctest; sourceTree = BUILT_PRODUCTS_DIR; };
		153DEA952C184EC5002C1735 /* weatherUITests.swift */ = {isa = PBXFileReference; lastKnownFileType = sourcecode.swift; path = weatherUITests.swift; sourceTree = "<group>"; };
		153DEA972C184EC5002C1735 /* weatherUITestsLaunchTests.swift */ = {isa = PBXFileReference; lastKnownFileType = sourcecode.swift; path = weatherUITestsLaunchTests.swift; sourceTree = "<group>"; };
		15F39DE62C1870A7006DAB4D /* CurrentView.swift */ = {isa = PBXFileReference; lastKnownFileType = sourcecode.swift; path = CurrentView.swift; sourceTree = "<group>"; };
		15F39DE92C188ADE006DAB4D /* WeatherService.swift */ = {isa = PBXFileReference; lastKnownFileType = sourcecode.swift; path = WeatherService.swift; sourceTree = "<group>"; };
		15F39DEB2C188B06006DAB4D /* WeatherData.swift */ = {isa = PBXFileReference; lastKnownFileType = sourcecode.swift; path = WeatherData.swift; sourceTree = "<group>"; };
		15F39DED2C189374006DAB4D /* weatherDebug.entitlements */ = {isa = PBXFileReference; lastKnownFileType = text.plist.entitlements; path = weatherDebug.entitlements; sourceTree = "<group>"; };
/* End PBXFileReference section */

/* Begin PBXFrameworksBuildPhase section */
		153DEA732C184EC2002C1735 /* Frameworks */ = {
			isa = PBXFrameworksBuildPhase;
			buildActionMask = 2147483647;
			files = (
			);
			runOnlyForDeploymentPostprocessing = 0;
		};
		153DEA842C184EC5002C1735 /* Frameworks */ = {
			isa = PBXFrameworksBuildPhase;
			buildActionMask = 2147483647;
			files = (
			);
			runOnlyForDeploymentPostprocessing = 0;
		};
		153DEA8E2C184EC5002C1735 /* Frameworks */ = {
			isa = PBXFrameworksBuildPhase;
			buildActionMask = 2147483647;
			files = (
			);
			runOnlyForDeploymentPostprocessing = 0;
		};
/* End PBXFrameworksBuildPhase section */

/* Begin PBXGroup section */
		150ACC702C1AEC2C006A3236 /* Views */ = {
			isa = PBXGroup;
			children = (
				15F39DE62C1870A7006DAB4D /* CurrentView.swift */,
				150ACC732C1B1841006A3236 /* DailyView.swift */,
				150ACC752C1B1855006A3236 /* HourlyView.swift */,
				150ACC712C1B15BB006A3236 /* CityView.swift */,
			);
			path = Views;
			sourceTree = "<group>";
		};
		153DEA6D2C184EC2002C1735 = {
			isa = PBXGroup;
			children = (
				153DEA782C184EC2002C1735 /* weather */,
				153DEA8A2C184EC5002C1735 /* weatherTests */,
				153DEA942C184EC5002C1735 /* weatherUITests */,
				153DEA772C184EC2002C1735 /* Products */,
			);
			sourceTree = "<group>";
		};
		153DEA772C184EC2002C1735 /* Products */ = {
			isa = PBXGroup;
			children = (
				153DEA762C184EC2002C1735 /* weather.app */,
				153DEA872C184EC5002C1735 /* weatherTests.xctest */,
				153DEA912C184EC5002C1735 /* weatherUITests.xctest */,
			);
			name = Products;
			sourceTree = "<group>";
		};
		153DEA782C184EC2002C1735 /* weather */ = {
			isa = PBXGroup;
			children = (
				150ACC702C1AEC2C006A3236 /* Views */,
				15F39DED2C189374006DAB4D /* weatherDebug.entitlements */,
				15F39DE82C1878ED006DAB4D /* Components */,
				153DEA792C184EC2002C1735 /* weatherApp.swift */,
				153DEA7B2C184EC2002C1735 /* ContentView.swift */,
				153DEA7D2C184EC4002C1735 /* Assets.xcassets */,
				153DEA7F2C184EC4002C1735 /* weather.entitlements */,
				153DEA802C184EC4002C1735 /* Preview Content */,
			);
			path = weather;
			sourceTree = "<group>";
		};
		153DEA802C184EC4002C1735 /* Preview Content */ = {
			isa = PBXGroup;
			children = (
				153DEA812C184EC4002C1735 /* Preview Assets.xcassets */,
			);
			path = "Preview Content";
			sourceTree = "<group>";
		};
		153DEA8A2C184EC5002C1735 /* weatherTests */ = {
			isa = PBXGroup;
			children = (
				153DEA8B2C184EC5002C1735 /* weatherTests.swift */,
			);
			path = weatherTests;
			sourceTree = "<group>";
		};
		153DEA942C184EC5002C1735 /* weatherUITests */ = {
			isa = PBXGroup;
			children = (
				153DEA952C184EC5002C1735 /* weatherUITests.swift */,
				153DEA972C184EC5002C1735 /* weatherUITestsLaunchTests.swift */,
			);
			path = weatherUITests;
			sourceTree = "<group>";
		};
		15F39DE82C1878ED006DAB4D /* Components */ = {
			isa = PBXGroup;
			children = (
				15F39DE92C188ADE006DAB4D /* WeatherService.swift */,
				150ACC772C1B2CC1006A3236 /* CityData.swift */,
				15F39DEB2C188B06006DAB4D /* WeatherData.swift */,
			);
			path = Components;
			sourceTree = "<group>";
		};
/* End PBXGroup section */

/* Begin PBXNativeTarget section */
		153DEA752C184EC2002C1735 /* weather */ = {
			isa = PBXNativeTarget;
			buildConfigurationList = 153DEA9B2C184EC5002C1735 /* Build configuration list for PBXNativeTarget "weather" */;
			buildPhases = (
				153DEA722C184EC2002C1735 /* Sources */,
				153DEA732C184EC2002C1735 /* Frameworks */,
				153DEA742C184EC2002C1735 /* Resources */,
			);
			buildRules = (
			);
			dependencies = (
			);
			name = weather;
			productName = weather;
			productReference = 153DEA762C184EC2002C1735 /* weather.app */;
			productType = "com.apple.product-type.application";
		};
		153DEA862C184EC5002C1735 /* weatherTests */ = {
			isa = PBXNativeTarget;
			buildConfigurationList = 153DEA9E2C184EC5002C1735 /* Build configuration list for PBXNativeTarget "weatherTests" */;
			buildPhases = (
				153DEA832C184EC5002C1735 /* Sources */,
				153DEA842C184EC5002C1735 /* Frameworks */,
				153DEA852C184EC5002C1735 /* Resources */,
			);
			buildRules = (
			);
			dependencies = (
				153DEA892C184EC5002C1735 /* PBXTargetDependency */,
			);
			name = weatherTests;
			productName = weatherTests;
			productReference = 153DEA872C184EC5002C1735 /* weatherTests.xctest */;
			productType = "com.apple.product-type.bundle.unit-test";
		};
		153DEA902C184EC5002C1735 /* weatherUITests */ = {
			isa = PBXNativeTarget;
			buildConfigurationList = 153DEAA12C184EC5002C1735 /* Build configuration list for PBXNativeTarget "weatherUITests" */;
			buildPhases = (
				153DEA8D2C184EC5002C1735 /* Sources */,
				153DEA8E2C184EC5002C1735 /* Frameworks */,
				153DEA8F2C184EC5002C1735 /* Resources */,
			);
			buildRules = (
			);
			dependencies = (
				153DEA932C184EC5002C1735 /* PBXTargetDependency */,
			);
			name = weatherUITests;
			productName = weatherUITests;
			productReference = 153DEA912C184EC5002C1735 /* weatherUITests.xctest */;
			productType = "com.apple.product-type.bundle.ui-testing";
		};
/* End PBXNativeTarget section */

/* Begin PBXProject section */
		153DEA6E2C184EC2002C1735 /* Project object */ = {
			isa = PBXProject;
			attributes = {
				BuildIndependentTargetsInParallel = 1;
				LastSwiftUpdateCheck = 1530;
				LastUpgradeCheck = 1530;
				TargetAttributes = {
					153DEA752C184EC2002C1735 = {
						CreatedOnToolsVersion = 15.3;
					};
					153DEA862C184EC5002C1735 = {
						CreatedOnToolsVersion = 15.3;
						TestTargetID = 153DEA752C184EC2002C1735;
					};
					153DEA902C184EC5002C1735 = {
						CreatedOnToolsVersion = 15.3;
						TestTargetID = 153DEA752C184EC2002C1735;
					};
				};
			};
			buildConfigurationList = 153DEA712C184EC2002C1735 /* Build configuration list for PBXProject "weather" */;
			compatibilityVersion = "Xcode 14.0";
			developmentRegion = en;
			hasScannedForEncodings = 0;
			knownRegions = (
				en,
				Base,
			);
			mainGroup = 153DEA6D2C184EC2002C1735;
			productRefGroup = 153DEA772C184EC2002C1735 /* Products */;
			projectDirPath = "";
			projectRoot = "";
			targets = (
				153DEA752C184EC2002C1735 /* weather */,
				153DEA862C184EC5002C1735 /* weatherTests */,
				153DEA902C184EC5002C1735 /* weatherUITests */,
			);
		};
/* End PBXProject section */

/* Begin PBXResourcesBuildPhase section */
		153DEA742C184EC2002C1735 /* Resources */ = {
			isa = PBXResourcesBuildPhase;
			buildActionMask = 2147483647;
			files = (
				153DEA822C184EC4002C1735 /* Preview Assets.xcassets in Resources */,
				153DEA7E2C184EC4002C1735 /* Assets.xcassets in Resources */,
			);
			runOnlyForDeploymentPostprocessing = 0;
		};
		153DEA852C184EC5002C1735 /* Resources */ = {
			isa = PBXResourcesBuildPhase;
			buildActionMask = 2147483647;
			files = (
			);
			runOnlyForDeploymentPostprocessing = 0;
		};
		153DEA8F2C184EC5002C1735 /* Resources */ = {
			isa = PBXResourcesBuildPhase;
			buildActionMask = 2147483647;
			files = (
			);
			runOnlyForDeploymentPostprocessing = 0;
		};
/* End PBXResourcesBuildPhase section */

/* Begin PBXSourcesBuildPhase section */
		153DEA722C184EC2002C1735 /* Sources */ = {
			isa = PBXSourcesBuildPhase;
			buildActionMask = 2147483647;
			files = (
				15F39DEA2C188ADE006DAB4D /* WeatherService.swift in Sources */,
				150ACC762C1B1855006A3236 /* HourlyView.swift in Sources */,
				150ACC722C1B15BB006A3236 /* CityView.swift in Sources */,
				150ACC782C1B2CC1006A3236 /* CityData.swift in Sources */,
				15F39DEC2C188B06006DAB4D /* WeatherData.swift in Sources */,
				15F39DE72C1870A7006DAB4D /* CurrentView.swift in Sources */,
				150ACC742C1B1841006A3236 /* DailyView.swift in Sources */,
				153DEA7C2C184EC2002C1735 /* ContentView.swift in Sources */,
				153DEA7A2C184EC2002C1735 /* weatherApp.swift in Sources */,
			);
			runOnlyForDeploymentPostprocessing = 0;
		};
		153DEA832C184EC5002C1735 /* Sources */ = {
			isa = PBXSourcesBuildPhase;
			buildActionMask = 2147483647;
			files = (
				153DEA8C2C184EC5002C1735 /* weatherTests.swift in Sources */,
			);
			runOnlyForDeploymentPostprocessing = 0;
		};
		153DEA8D2C184EC5002C1735 /* Sources */ = {
			isa = PBXSourcesBuildPhase;
			buildActionMask = 2147483647;
			files = (
				153DEA962C184EC5002C1735 /* weatherUITests.swift in Sources */,
				153DEA982C184EC5002C1735 /* weatherUITestsLaunchTests.swift in Sources */,
			);
			runOnlyForDeploymentPostprocessing = 0;
		};
/* End PBXSourcesBuildPhase section */

/* Begin PBXTargetDependency section */
		153DEA892C184EC5002C1735 /* PBXTargetDependency */ = {
			isa = PBXTargetDependency;
			target = 153DEA752C184EC2002C1735 /* weather */;
			targetProxy = 153DEA882C184EC5002C1735 /* PBXContainerItemProxy */;
		};
		153DEA932C184EC5002C1735 /* PBXTargetDependency */ = {
			isa = PBXTargetDependency;
			target = 153DEA752C184EC2002C1735 /* weather */;
			targetProxy = 153DEA922C184EC5002C1735 /* PBXContainerItemProxy */;
		};
/* End PBXTargetDependency section */

/* Begin XCBuildConfiguration section */
		153DEA992C184EC5002C1735 /* Debug */ = {
			isa = XCBuildConfiguration;
			buildSettings = {
				ALWAYS_SEARCH_USER_PATHS = NO;
				ASSETCATALOG_COMPILER_GENERATE_SWIFT_ASSET_SYMBOL_EXTENSIONS = YES;
				CLANG_ANALYZER_NONNULL = YES;
				CLANG_ANALYZER_NUMBER_OBJECT_CONVERSION = YES_AGGRESSIVE;
				CLANG_CXX_LANGUAGE_STANDARD = "gnu++20";
				CLANG_ENABLE_MODULES = YES;
				CLANG_ENABLE_OBJC_ARC = YES;
				CLANG_ENABLE_OBJC_WEAK = YES;
				CLANG_WARN_BLOCK_CAPTURE_AUTORELEASING = YES;
				CLANG_WARN_BOOL_CONVERSION = YES;
				CLANG_WARN_COMMA = YES;
				CLANG_WARN_CONSTANT_CONVERSION = YES;
				CLANG_WARN_DEPRECATED_OBJC_IMPLEMENTATIONS = YES;
				CLANG_WARN_DIRECT_OBJC_ISA_USAGE = YES_ERROR;
				CLANG_WARN_DOCUMENTATION_COMMENTS = YES;
				CLANG_WARN_EMPTY_BODY = YES;
				CLANG_WARN_ENUM_CONVERSION = YES;
				CLANG_WARN_INFINITE_RECURSION = YES;
				CLANG_WARN_INT_CONVERSION = YES;
				CLANG_WARN_NON_LITERAL_NULL_CONVERSION = YES;
				CLANG_WARN_OBJC_IMPLICIT_RETAIN_SELF = YES;
				CLANG_WARN_OBJC_LITERAL_CONVERSION = YES;
				CLANG_WARN_OBJC_ROOT_CLASS = YES_ERROR;
				CLANG_WARN_QUOTED_INCLUDE_IN_FRAMEWORK_HEADER = YES;
				CLANG_WARN_RANGE_LOOP_ANALYSIS = YES;
				CLANG_WARN_STRICT_PROTOTYPES = YES;
				CLANG_WARN_SUSPICIOUS_MOVE = YES;
				CLANG_WARN_UNGUARDED_AVAILABILITY = YES_AGGRESSIVE;
				CLANG_WARN_UNREACHABLE_CODE = YES;
				CLANG_WARN__DUPLICATE_METHOD_MATCH = YES;
				COPY_PHASE_STRIP = NO;
				DEBUG_INFORMATION_FORMAT = dwarf;
				ENABLE_STRICT_OBJC_MSGSEND = YES;
				ENABLE_TESTABILITY = YES;
				ENABLE_USER_SCRIPT_SANDBOXING = YES;
				GCC_C_LANGUAGE_STANDARD = gnu17;
				GCC_DYNAMIC_NO_PIC = NO;
				GCC_NO_COMMON_BLOCKS = YES;
				GCC_OPTIMIZATION_LEVEL = 0;
				GCC_PREPROCESSOR_DEFINITIONS = (
					"DEBUG=1",
					"$(inherited)",
				);
				GCC_WARN_64_TO_32_BIT_CONVERSION = YES;
				GCC_WARN_ABOUT_RETURN_TYPE = YES_ERROR;
				GCC_WARN_UNDECLARED_SELECTOR = YES;
				GCC_WARN_UNINITIALIZED_AUTOS = YES_AGGRESSIVE;
				GCC_WARN_UNUSED_FUNCTION = YES;
				GCC_WARN_UNUSED_VARIABLE = YES;
				LOCALIZATION_PREFERS_STRING_CATALOGS = YES;
				MTL_ENABLE_DEBUG_INFO = INCLUDE_SOURCE;
				MTL_FAST_MATH = YES;
				ONLY_ACTIVE_ARCH = YES;
				SWIFT_ACTIVE_COMPILATION_CONDITIONS = "DEBUG $(inherited)";
				SWIFT_OPTIMIZATION_LEVEL = "-Onone";
			};
			name = Debug;
		};
		153DEA9A2C184EC5002C1735 /* Release */ = {
			isa = XCBuildConfiguration;
			buildSettings = {
				ALWAYS_SEARCH_USER_PATHS = NO;
				ASSETCATALOG_COMPILER_GENERATE_SWIFT_ASSET_SYMBOL_EXTENSIONS = YES;
				CLANG_ANALYZER_NONNULL = YES;
				CLANG_ANALYZER_NUMBER_OBJECT_CONVERSION = YES_AGGRESSIVE;
				CLANG_CXX_LANGUAGE_STANDARD = "gnu++20";
				CLANG_ENABLE_MODULES = YES;
				CLANG_ENABLE_OBJC_ARC = YES;
				CLANG_ENABLE_OBJC_WEAK = YES;
				CLANG_WARN_BLOCK_CAPTURE_AUTORELEASING = YES;
				CLANG_WARN_BOOL_CONVERSION = YES;
				CLANG_WARN_COMMA = YES;
				CLANG_WARN_CONSTANT_CONVERSION = YES;
				CLANG_WARN_DEPRECATED_OBJC_IMPLEMENTATIONS = YES;
				CLANG_WARN_DIRECT_OBJC_ISA_USAGE = YES_ERROR;
				CLANG_WARN_DOCUMENTATION_COMMENTS = YES;
				CLANG_WARN_EMPTY_BODY = YES;
				CLANG_WARN_ENUM_CONVERSION = YES;
				CLANG_WARN_INFINITE_RECURSION = YES;
				CLANG_WARN_INT_CONVERSION = YES;
				CLANG_WARN_NON_LITERAL_NULL_CONVERSION = YES;
				CLANG_WARN_OBJC_IMPLICIT_RETAIN_SELF = YES;
				CLANG_WARN_OBJC_LITERAL_CONVERSION = YES;
				CLANG_WARN_OBJC_ROOT_CLASS = YES_ERROR;
				CLANG_WARN_QUOTED_INCLUDE_IN_FRAMEWORK_HEADER = YES;
				CLANG_WARN_RANGE_LOOP_ANALYSIS = YES;
				CLANG_WARN_STRICT_PROTOTYPES = YES;
				CLANG_WARN_SUSPICIOUS_MOVE = YES;
				CLANG_WARN_UNGUARDED_AVAILABILITY = YES_AGGRESSIVE;
				CLANG_WARN_UNREACHABLE_CODE = YES;
				CLANG_WARN__DUPLICATE_METHOD_MATCH = YES;
				COPY_PHASE_STRIP = NO;
				DEBUG_INFORMATION_FORMAT = "dwarf-with-dsym";
				ENABLE_NS_ASSERTIONS = NO;
				ENABLE_STRICT_OBJC_MSGSEND = YES;
				ENABLE_USER_SCRIPT_SANDBOXING = YES;
				GCC_C_LANGUAGE_STANDARD = gnu17;
				GCC_NO_COMMON_BLOCKS = YES;
				GCC_WARN_64_TO_32_BIT_CONVERSION = YES;
				GCC_WARN_ABOUT_RETURN_TYPE = YES_ERROR;
				GCC_WARN_UNDECLARED_SELECTOR = YES;
				GCC_WARN_UNINITIALIZED_AUTOS = YES_AGGRESSIVE;
				GCC_WARN_UNUSED_FUNCTION = YES;
				GCC_WARN_UNUSED_VARIABLE = YES;
				LOCALIZATION_PREFERS_STRING_CATALOGS = YES;
				MTL_ENABLE_DEBUG_INFO = NO;
				MTL_FAST_MATH = YES;
				SWIFT_COMPILATION_MODE = wholemodule;
			};
			name = Release;
		};
		153DEA9C2C184EC5002C1735 /* Debug */ = {
			isa = XCBuildConfiguration;
			buildSettings = {
				ASSETCATALOG_COMPILER_APPICON_NAME = AppIcon;
				ASSETCATALOG_COMPILER_GLOBAL_ACCENT_COLOR_NAME = AccentColor;
				CODE_SIGN_ENTITLEMENTS = weather/weatherDebug.entitlements;
				CODE_SIGN_IDENTITY = "Apple Development";
				CODE_SIGN_STYLE = Automatic;
				CURRENT_PROJECT_VERSION = 1;
				DEVELOPMENT_ASSET_PATHS = "\"weather/Preview Content\"";
				DEVELOPMENT_TEAM = 8C2ZGZ7BSA;
				ENABLE_PREVIEWS = YES;
				GENERATE_INFOPLIST_FILE = YES;
				"INFOPLIST_KEY_UIApplicationSceneManifest_Generation[sdk=iphoneos*]" = YES;
				"INFOPLIST_KEY_UIApplicationSceneManifest_Generation[sdk=iphonesimulator*]" = YES;
				"INFOPLIST_KEY_UIApplicationSupportsIndirectInputEvents[sdk=iphoneos*]" = YES;
				"INFOPLIST_KEY_UIApplicationSupportsIndirectInputEvents[sdk=iphonesimulator*]" = YES;
				"INFOPLIST_KEY_UILaunchScreen_Generation[sdk=iphoneos*]" = YES;
				"INFOPLIST_KEY_UILaunchScreen_Generation[sdk=iphonesimulator*]" = YES;
				"INFOPLIST_KEY_UIStatusBarStyle[sdk=iphoneos*]" = UIStatusBarStyleDefault;
				"INFOPLIST_KEY_UIStatusBarStyle[sdk=iphonesimulator*]" = UIStatusBarStyleDefault;
				INFOPLIST_KEY_UISupportedInterfaceOrientations_iPad = "UIInterfaceOrientationPortrait UIInterfaceOrientationPortraitUpsideDown UIInterfaceOrientationLandscapeLeft UIInterfaceOrientationLandscapeRight";
				INFOPLIST_KEY_UISupportedInterfaceOrientations_iPhone = "UIInterfaceOrientationPortrait UIInterfaceOrientationLandscapeLeft UIInterfaceOrientationLandscapeRight";
				IPHONEOS_DEPLOYMENT_TARGET = 15.0;
				LD_RUNPATH_SEARCH_PATHS = "@executable_path/Frameworks";
				"LD_RUNPATH_SEARCH_PATHS[sdk=macosx*]" = "@executable_path/../Frameworks";
				MACOSX_DEPLOYMENT_TARGET = 14.4;
				MARKETING_VERSION = 1.0;
				PRODUCT_BUNDLE_IDENTIFIER = yevhen.weather;
				PRODUCT_NAME = "$(TARGET_NAME)";
				PROVISIONING_PROFILE_SPECIFIER = "";
				SDKROOT = auto;
				SUPPORTED_PLATFORMS = "iphoneos iphonesimulator macosx";
				SWIFT_EMIT_LOC_STRINGS = YES;
				SWIFT_VERSION = 5.0;
				TARGETED_DEVICE_FAMILY = "1,2";
			};
			name = Debug;
		};
		153DEA9D2C184EC5002C1735 /* Release */ = {
			isa = XCBuildConfiguration;
			buildSettings = {
				ASSETCATALOG_COMPILER_APPICON_NAME = AppIcon;
				ASSETCATALOG_COMPILER_GLOBAL_ACCENT_COLOR_NAME = AccentColor;
				CODE_SIGN_ENTITLEMENTS = weather/weather.entitlements;
				"CODE_SIGN_IDENTITY[sdk=macosx*]" = "-";
				CODE_SIGN_STYLE = Automatic;
				CURRENT_PROJECT_VERSION = 1;
				DEVELOPMENT_ASSET_PATHS = "\"weather/Preview Content\"";
				ENABLE_PREVIEWS = YES;
				GENERATE_INFOPLIST_FILE = YES;
				"INFOPLIST_KEY_UIApplicationSceneManifest_Generation[sdk=iphoneos*]" = YES;
				"INFOPLIST_KEY_UIApplicationSceneManifest_Generation[sdk=iphonesimulator*]" = YES;
				"INFOPLIST_KEY_UIApplicationSupportsIndirectInputEvents[sdk=iphoneos*]" = YES;
				"INFOPLIST_KEY_UIApplicationSupportsIndirectInputEvents[sdk=iphonesimulator*]" = YES;
				"INFOPLIST_KEY_UILaunchScreen_Generation[sdk=iphoneos*]" = YES;
				"INFOPLIST_KEY_UILaunchScreen_Generation[sdk=iphonesimulator*]" = YES;
				"INFOPLIST_KEY_UIStatusBarStyle[sdk=iphoneos*]" = UIStatusBarStyleDefault;
				"INFOPLIST_KEY_UIStatusBarStyle[sdk=iphonesimulator*]" = UIStatusBarStyleDefault;
				INFOPLIST_KEY_UISupportedInterfaceOrientations_iPad = "UIInterfaceOrientationPortrait UIInterfaceOrientationPortraitUpsideDown UIInterfaceOrientationLandscapeLeft UIInterfaceOrientationLandscapeRight";
				INFOPLIST_KEY_UISupportedInterfaceOrientations_iPhone = "UIInterfaceOrientationPortrait UIInterfaceOrientationLandscapeLeft UIInterfaceOrientationLandscapeRight";
				IPHONEOS_DEPLOYMENT_TARGET = 15.0;
				LD_RUNPATH_SEARCH_PATHS = "@executable_path/Frameworks";
				"LD_RUNPATH_SEARCH_PATHS[sdk=macosx*]" = "@executable_path/../Frameworks";
				MACOSX_DEPLOYMENT_TARGET = 14.4;
				MARKETING_VERSION = 1.0;
				PRODUCT_BUNDLE_IDENTIFIER = yevhen.weather;
				PRODUCT_NAME = "$(TARGET_NAME)";
				SDKROOT = auto;
				SUPPORTED_PLATFORMS = "iphoneos iphonesimulator macosx";
				SWIFT_EMIT_LOC_STRINGS = YES;
				SWIFT_VERSION = 5.0;
				TARGETED_DEVICE_FAMILY = "1,2";
			};
			name = Release;
		};
		153DEA9F2C184EC5002C1735 /* Debug */ = {
			isa = XCBuildConfiguration;
			buildSettings = {
				ALWAYS_EMBED_SWIFT_STANDARD_LIBRARIES = YES;
				BUNDLE_LOADER = "$(TEST_HOST)";
				CODE_SIGN_STYLE = Automatic;
				CURRENT_PROJECT_VERSION = 1;
				DEVELOPMENT_TEAM = 8C2ZGZ7BSA;
				GENERATE_INFOPLIST_FILE = YES;
				IPHONEOS_DEPLOYMENT_TARGET = 17.4;
				MACOSX_DEPLOYMENT_TARGET = 14.4;
				MARKETING_VERSION = 1.0;
				PRODUCT_BUNDLE_IDENTIFIER = yevhen.weatherTests;
				PRODUCT_NAME = "$(TARGET_NAME)";
				SDKROOT = auto;
				SUPPORTED_PLATFORMS = "iphoneos iphonesimulator macosx";
				SWIFT_EMIT_LOC_STRINGS = NO;
				SWIFT_VERSION = 5.0;
				TARGETED_DEVICE_FAMILY = "1,2";
				TEST_HOST = "$(BUILT_PRODUCTS_DIR)/weather.app/$(BUNDLE_EXECUTABLE_FOLDER_PATH)/weather";
			};
			name = Debug;
		};
		153DEAA02C184EC5002C1735 /* Release */ = {
			isa = XCBuildConfiguration;
			buildSettings = {
				ALWAYS_EMBED_SWIFT_STANDARD_LIBRARIES = YES;
				BUNDLE_LOADER = "$(TEST_HOST)";
				CODE_SIGN_STYLE = Automatic;
				CURRENT_PROJECT_VERSION = 1;
				GENERATE_INFOPLIST_FILE = YES;
				IPHONEOS_DEPLOYMENT_TARGET = 17.4;
				MACOSX_DEPLOYMENT_TARGET = 14.4;
				MARKETING_VERSION = 1.0;
				PRODUCT_BUNDLE_IDENTIFIER = yevhen.weatherTests;
				PRODUCT_NAME = "$(TARGET_NAME)";
				SDKROOT = auto;
				SUPPORTED_PLATFORMS = "iphoneos iphonesimulator macosx";
				SWIFT_EMIT_LOC_STRINGS = NO;
				SWIFT_VERSION = 5.0;
				TARGETED_DEVICE_FAMILY = "1,2";
				TEST_HOST = "$(BUILT_PRODUCTS_DIR)/weather.app/$(BUNDLE_EXECUTABLE_FOLDER_PATH)/weather";
			};
			name = Release;
		};
		153DEAA22C184EC5002C1735 /* Debug */ = {
			isa = XCBuildConfiguration;
			buildSettings = {
				ALWAYS_EMBED_SWIFT_STANDARD_LIBRARIES = YES;
				CODE_SIGN_STYLE = Automatic;
				CURRENT_PROJECT_VERSION = 1;
				DEVELOPMENT_TEAM = 8C2ZGZ7BSA;
				GENERATE_INFOPLIST_FILE = YES;
				IPHONEOS_DEPLOYMENT_TARGET = 17.4;
				MACOSX_DEPLOYMENT_TARGET = 14.4;
				MARKETING_VERSION = 1.0;
				PRODUCT_BUNDLE_IDENTIFIER = yevhen.weatherUITests;
				PRODUCT_NAME = "$(TARGET_NAME)";
				SDKROOT = auto;
				SUPPORTED_PLATFORMS = "iphoneos iphonesimulator macosx";
				SWIFT_EMIT_LOC_STRINGS = NO;
				SWIFT_VERSION = 5.0;
				TARGETED_DEVICE_FAMILY = "1,2";
				TEST_TARGET_NAME = weather;
			};
			name = Debug;
		};
		153DEAA32C184EC5002C1735 /* Release */ = {
			isa = XCBuildConfiguration;
			buildSettings = {
				ALWAYS_EMBED_SWIFT_STANDARD_LIBRARIES = YES;
				CODE_SIGN_STYLE = Automatic;
				CURRENT_PROJECT_VERSION = 1;
				GENERATE_INFOPLIST_FILE = YES;
				IPHONEOS_DEPLOYMENT_TARGET = 17.4;
				MACOSX_DEPLOYMENT_TARGET = 14.4;
				MARKETING_VERSION = 1.0;
				PRODUCT_BUNDLE_IDENTIFIER = yevhen.weatherUITests;
				PRODUCT_NAME = "$(TARGET_NAME)";
				SDKROOT = auto;
				SUPPORTED_PLATFORMS = "iphoneos iphonesimulator macosx";
				SWIFT_EMIT_LOC_STRINGS = NO;
				SWIFT_VERSION = 5.0;
				TARGETED_DEVICE_FAMILY = "1,2";
				TEST_TARGET_NAME = weather;
			};
			name = Release;
		};
/* End XCBuildConfiguration section */

/* Begin XCConfigurationList section */
		153DEA712C184EC2002C1735 /* Build configuration list for PBXProject "weather" */ = {
			isa = XCConfigurationList;
			buildConfigurations = (
				153DEA992C184EC5002C1735 /* Debug */,
				153DEA9A2C184EC5002C1735 /* Release */,
			);
			defaultConfigurationIsVisible = 0;
			defaultConfigurationName = Release;
		};
		153DEA9B2C184EC5002C1735 /* Build configuration list for PBXNativeTarget "weather" */ = {
			isa = XCConfigurationList;
			buildConfigurations = (
				153DEA9C2C184EC5002C1735 /* Debug */,
				153DEA9D2C184EC5002C1735 /* Release */,
			);
			defaultConfigurationIsVisible = 0;
			defaultConfigurationName = Release;
		};
		153DEA9E2C184EC5002C1735 /* Build configuration list for PBXNativeTarget "weatherTests" */ = {
			isa = XCConfigurationList;
			buildConfigurations = (
				153DEA9F2C184EC5002C1735 /* Debug */,
				153DEAA02C184EC5002C1735 /* Release */,
			);
			defaultConfigurationIsVisible = 0;
			defaultConfigurationName = Release;
		};
		153DEAA12C184EC5002C1735 /* Build configuration list for PBXNativeTarget "weatherUITests" */ = {
			isa = XCConfigurationList;
			buildConfigurations = (
				153DEAA22C184EC5002C1735 /* Debug */,
				153DEAA32C184EC5002C1735 /* Release */,
			);
			defaultConfigurationIsVisible = 0;
			defaultConfigurationName = Release;
		};
/* End XCConfigurationList section */
	};
	rootObject = 153DEA6E2C184EC2002C1735 /* Project object */;
}
